
Microsoft Visual Studio Solution File, Format Version 12.00
# Visual Studio 15
VisualStudioVersion = 15.0.28010.2036
MinimumVisualStudioVersion = 10.0.40219.1
Project("{FAE04EC0-301F-11D3-BF4B-00C04F79EFBC}") = "TestApi", "TestApi\TestApi.csproj", "{1D4E6BD8-B5A6-41DD-A91C-CCD6C684DDBA}"
EndProject
Global
	GlobalSection(SolutionConfigurationPlatforms) = preSolution
		Debug|Any CPU = Debug|Any CPU
		Release|Any CPU = Release|Any CPU
	EndGlobalSection
	GlobalSection(ProjectConfigurationPlatforms) = postSolution
		{1D4E6BD8-B5A6-41DD-A91C-CCD6C684DDBA}.Debug|Any CPU.ActiveCfg = Debug|Any CPU
		{1D4E6BD8-B5A6-41DD-A91C-CCD6C684DDBA}.Debug|Any CPU.Build.0 = Debug|Any CPU
		{1D4E6BD8-B5A6-41DD-A91C-CCD6C684DDBA}.Release|Any CPU.ActiveCfg = Release|Any CPU
		{1D4E6BD8-B5A6-41DD-A91C-CCD6C684DDBA}.Release|Any CPU.Build.0 = Release|Any CPU
	EndGlobalSection
	GlobalSection(SolutionProperties) = preSolution
		HideSolutionNode = FALSE
	EndGlobalSection
	GlobalSection(ExtensibilityGlobals) = postSolution
		SolutionGuid = {11C5F106-E0B0-4081-BC86-5DAD08E29E88}
	EndGlobalSection
EndGlobal
